
Microsoft Visual Studio Solution File, Format Version 12.00
# Visual Studio 15
VisualStudioVersion = 15.0.28307.572
MinimumVisualStudioVersion = 10.0.40219.1
Project("{F184B08F-C81C-45F6-A57F-5ABD9991F28F}") = "reporte", "reporte\reporte.vbproj", "{CBAAB0F1-DEEB-4372-8839-CA24431FB20D}"
EndProject
Global
	GlobalSection(SolutionConfigurationPlatforms) = preSolution
		Debug|Any CPU = Debug|Any CPU
		Release|Any CPU = Release|Any CPU
	EndGlobalSection
	GlobalSection(ProjectConfigurationPlatforms) = postSolution
		{CBAAB0F1-DEEB-4372-8839-CA24431FB20D}.Debug|Any CPU.ActiveCfg = Debug|Any CPU
		{CBAAB0F1-DEEB-4372-8839-CA24431FB20D}.Debug|Any CPU.Build.0 = Debug|Any CPU
		{CBAAB0F1-DEEB-4372-8839-CA24431FB20D}.Release|Any CPU.ActiveCfg = Release|Any CPU
		{CBAAB0F1-DEEB-4372-8839-CA24431FB20D}.Release|Any CPU.Build.0 = Release|Any CPU
	EndGlobalSection
	GlobalSection(SolutionProperties) = preSolution
		HideSolutionNode = FALSE
	EndGlobalSection
	GlobalSection(ExtensibilityGlobals) = postSolution
		SolutionGuid = {80412849-C842-42A9-8B23-1E488D877272}
	EndGlobalSection
EndGlobal
